
Microsoft Visual Studio Solution File, Format Version 12.00
# Visual Studio Version 17
VisualStudioVersion = 17.3.32929.385
MinimumVisualStudioVersion = 10.0.40219.1
Project("{FAE04EC0-301F-11D3-BF4B-00C04F79EFBC}") = "p5rpc.noholdupmusic", "p5rpc.noholdupmusic.csproj", "{6FC0A249-61C5-422E-85FE-D6BBFB7E5438}"
EndProject
Global
	GlobalSection(SolutionConfigurationPlatforms) = preSolution
		Debug|Any CPU = Debug|Any CPU
		Release|Any CPU = Release|Any CPU
	EndGlobalSection
	GlobalSection(ProjectConfigurationPlatforms) = postSolution
		{6FC0A249-61C5-422E-85FE-D6BBFB7E5438}.Debug|Any CPU.ActiveCfg = Debug|Any CPU
		{6FC0A249-61C5-422E-85FE-D6BBFB7E5438}.Debug|Any CPU.Build.0 = Debug|Any CPU
		{6FC0A249-61C5-422E-85FE-D6BBFB7E5438}.Release|Any CPU.ActiveCfg = Release|Any CPU
		{6FC0A249-61C5-422E-85FE-D6BBFB7E5438}.Release|Any CPU.Build.0 = Release|Any CPU
	EndGlobalSection
	GlobalSection(SolutionProperties) = preSolution
		HideSolutionNode = FALSE
	EndGlobalSection
	GlobalSection(ExtensibilityGlobals) = postSolution
		SolutionGuid = {8C769FEE-EAB6-4ED4-912C-A39556D92317}
	EndGlobalSection
EndGlobal
